
Microsoft Visual Studio Solution File, Format Version 12.00
# Visual Studio Version 16
VisualStudioVersion = 16.0.31313.79
MinimumVisualStudioVersion = 10.0.40219.1
Project("{9A19103F-16F7-4668-BE54-9A1E7A4F7556}") = "ProjetoEscola", "ProjetoEscola\ProjetoEscola.csproj", "{6659FDDF-BBB0-41F2-8B21-7144EC691D29}"
EndProject
Global
	GlobalSection(SolutionConfigurationPlatforms) = preSolution
		Debug|Any CPU = Debug|Any CPU
		Release|Any CPU = Release|Any CPU
	EndGlobalSection
	GlobalSection(ProjectConfigurationPlatforms) = postSolution
		{6659FDDF-BBB0-41F2-8B21-7144EC691D29}.Debug|Any CPU.ActiveCfg = Debug|Any CPU
		{6659FDDF-BBB0-41F2-8B21-7144EC691D29}.Debug|Any CPU.Build.0 = Debug|Any CPU
		{6659FDDF-BBB0-41F2-8B21-7144EC691D29}.Release|Any CPU.ActiveCfg = Release|Any CPU
		{6659FDDF-BBB0-41F2-8B21-7144EC691D29}.Release|Any CPU.Build.0 = Release|Any CPU
	EndGlobalSection
	GlobalSection(SolutionProperties) = preSolution
		HideSolutionNode = FALSE
	EndGlobalSection
	GlobalSection(ExtensibilityGlobals) = postSolution
		SolutionGuid = {25A1895C-3A2A-4884-ADD1-974430E1EB6B}
	EndGlobalSection
EndGlobal
